// !$*UTF8*$!
{
	archiveVersion = 1;
	classes = {
	};
	objectVersion = 55;
	objects = {

/* Begin PBXBuildFile section */
		5F0D8D9C297E81EB007221C7 /* AppDelegate.swift in Sources */ = {isa = PBXBuildFile; fileRef = 5F0D8D9B297E81EB007221C7 /* AppDelegate.swift */; };
		5F0D8D9E297E81EB007221C7 /* SceneDelegate.swift in Sources */ = {isa = PBXBuildFile; fileRef = 5F0D8D9D297E81EB007221C7 /* SceneDelegate.swift */; };
		5F0D8DA0297E81EB007221C7 /* ViewController.swift in Sources */ = {isa = PBXBuildFile; fileRef = 5F0D8D9F297E81EB007221C7 /* ViewController.swift */; };
		5F0D8DA3297E81EB007221C7 /* Main.storyboard in Resources */ = {isa = PBXBuildFile; fileRef = 5F0D8DA1297E81EB007221C7 /* Main.storyboard */; };
		5F0D8DA6297E81EB007221C7 /* Klim8.xcdatamodeld in Sources */ = {isa = PBXBuildFile; fileRef = 5F0D8DA4297E81EB007221C7 /* Klim8.xcdatamodeld */; };
		5F0D8DA8297E81EC007221C7 /* Assets.xcassets in Resources */ = {isa = PBXBuildFile; fileRef = 5F0D8DA7297E81EC007221C7 /* Assets.xcassets */; };
		5F0D8DAB297E81EC007221C7 /* LaunchScreen.storyboard in Resources */ = {isa = PBXBuildFile; fileRef = 5F0D8DA9297E81EC007221C7 /* LaunchScreen.storyboard */; };
		5F0D8DB3297E82CF007221C7 /* dark_background.pdf in Resources */ = {isa = PBXBuildFile; fileRef = 5F0D8DB2297E82CF007221C7 /* dark_background.pdf */; };
		5F0D8DB5297E82D8007221C7 /* light_background.pdf in Resources */ = {isa = PBXBuildFile; fileRef = 5F0D8DB4297E82D8007221C7 /* light_background.pdf */; };
		5F6547602980A4180063C42E /* WeatherManager.swift in Sources */ = {isa = PBXBuildFile; fileRef = 5F65475F2980A4180063C42E /* WeatherManager.swift */; };
		5F654765298121250063C42E /* WeatherData.swift in Sources */ = {isa = PBXBuildFile; fileRef = 5F654764298121250063C42E /* WeatherData.swift */; };
		5F65476729812EA10063C42E /* WeatherModel.swift in Sources */ = {isa = PBXBuildFile; fileRef = 5F65476629812EA10063C42E /* WeatherModel.swift */; };
/* End PBXBuildFile section */

/* Begin PBXFileReference section */
		5F0D8D98297E81EB007221C7 /* Klim8.app */ = {isa = PBXFileReference; explicitFileType = wrapper.application; includeInIndex = 0; path = Klim8.app; sourceTree = BUILT_PRODUCTS_DIR; };
		5F0D8D9B297E81EB007221C7 /* AppDelegate.swift */ = {isa = PBXFileReference; lastKnownFileType = sourcecode.swift; path = AppDelegate.swift; sourceTree = "<group>"; };
		5F0D8D9D297E81EB007221C7 /* SceneDelegate.swift */ = {isa = PBXFileReference; lastKnownFileType = sourcecode.swift; path = SceneDelegate.swift; sourceTree = "<group>"; };
		5F0D8D9F297E81EB007221C7 /* ViewController.swift */ = {isa = PBXFileReference; lastKnownFileType = sourcecode.swift; path = ViewController.swift; sourceTree = "<group>"; };
		5F0D8DA2297E81EB007221C7 /* Base */ = {isa = PBXFileReference; lastKnownFileType = file.storyboard; name = Base; path = Base.lproj/Main.storyboard; sourceTree = "<group>"; };
		5F0D8DA5297E81EB007221C7 /* Klim8.xcdatamodel */ = {isa = PBXFileReference; lastKnownFileType = wrapper.xcdatamodel; path = Klim8.xcdatamodel; sourceTree = "<group>"; };
		5F0D8DA7297E81EC007221C7 /* Assets.xcassets */ = {isa = PBXFileReference; lastKnownFileType = folder.assetcatalog; path = Assets.xcassets; sourceTree = "<group>"; };
		5F0D8DAA297E81EC007221C7 /* Base */ = {isa = PBXFileReference; lastKnownFileType = file.storyboard; name = Base; path = Base.lproj/LaunchScreen.storyboard; sourceTree = "<group>"; };
		5F0D8DAC297E81EC007221C7 /* Info.plist */ = {isa = PBXFileReference; lastKnownFileType = text.plist.xml; path = Info.plist; sourceTree = "<group>"; };
		5F0D8DB2297E82CF007221C7 /* dark_background.pdf */ = {isa = PBXFileReference; lastKnownFileType = image.pdf; path = dark_background.pdf; sourceTree = "<group>"; };
		5F0D8DB4297E82D8007221C7 /* light_background.pdf */ = {isa = PBXFileReference; lastKnownFileType = image.pdf; path = light_background.pdf; sourceTree = "<group>"; };
		5F65475F2980A4180063C42E /* WeatherManager.swift */ = {isa = PBXFileReference; lastKnownFileType = sourcecode.swift; path = WeatherManager.swift; sourceTree = "<group>"; };
		5F654764298121250063C42E /* WeatherData.swift */ = {isa = PBXFileReference; lastKnownFileType = sourcecode.swift; path = WeatherData.swift; sourceTree = "<group>"; };
		5F65476629812EA10063C42E /* WeatherModel.swift */ = {isa = PBXFileReference; lastKnownFileType = sourcecode.swift; path = WeatherModel.swift; sourceTree = "<group>"; };
/* End PBXFileReference section */

/* Begin PBXFrameworksBuildPhase section */
		5F0D8D95297E81EB007221C7 /* Frameworks */ = {
			isa = PBXFrameworksBuildPhase;
			buildActionMask = 2147483647;
			files = (
			);
			runOnlyForDeploymentPostprocessing = 0;
		};
/* End PBXFrameworksBuildPhase section */

/* Begin PBXGroup section */
		5F0D8D8F297E81EB007221C7 = {
			isa = PBXGroup;
			children = (
				5F0D8D9A297E81EB007221C7 /* Klim8 */,
				5F0D8D99297E81EB007221C7 /* Products */,
			);
			sourceTree = "<group>";
		};
		5F0D8D99297E81EB007221C7 /* Products */ = {
			isa = PBXGroup;
			children = (
				5F0D8D98297E81EB007221C7 /* Klim8.app */,
			);
			name = Products;
			sourceTree = "<group>";
		};
		5F0D8D9A297E81EB007221C7 /* Klim8 */ = {
			isa = PBXGroup;
			children = (
				5F0D8D9B297E81EB007221C7 /* AppDelegate.swift */,
				5F0D8D9D297E81EB007221C7 /* SceneDelegate.swift */,
				5F654761298120C40063C42E /* Model */,
				5F654763298120E90063C42E /* View */,
				5F654762298120D40063C42E /* Controller */,
				5F0D8DA7297E81EC007221C7 /* Assets.xcassets */,
				5F0D8DA9297E81EC007221C7 /* LaunchScreen.storyboard */,
				5F0D8DAC297E81EC007221C7 /* Info.plist */,
				5F0D8DA4297E81EB007221C7 /* Klim8.xcdatamodeld */,
				5F0D8DB2297E82CF007221C7 /* dark_background.pdf */,
				5F0D8DB4297E82D8007221C7 /* light_background.pdf */,
			);
			path = Klim8;
			sourceTree = "<group>";
		};
		5F654761298120C40063C42E /* Model */ = {
			isa = PBXGroup;
			children = (
				5F65475F2980A4180063C42E /* WeatherManager.swift */,
				5F654764298121250063C42E /* WeatherData.swift */,
				5F65476629812EA10063C42E /* WeatherModel.swift */,
			);
			path = Model;
			sourceTree = "<group>";
		};
		5F654762298120D40063C42E /* Controller */ = {
			isa = PBXGroup;
			children = (
				5F0D8D9F297E81EB007221C7 /* ViewController.swift */,
			);
			path = Controller;
			sourceTree = "<group>";
		};
		5F654763298120E90063C42E /* View */ = {
			isa = PBXGroup;
			children = (
				5F0D8DA1297E81EB007221C7 /* Main.storyboard */,
			);
			path = View;
			sourceTree = "<group>";
		};
/* End PBXGroup section */

/* Begin PBXNativeTarget section */
		5F0D8D97297E81EB007221C7 /* Klim8 */ = {
			isa = PBXNativeTarget;
			buildConfigurationList = 5F0D8DAF297E81EC007221C7 /* Build configuration list for PBXNativeTarget "Klim8" */;
			buildPhases = (
				5F0D8D94297E81EB007221C7 /* Sources */,
				5F0D8D95297E81EB007221C7 /* Frameworks */,
				5F0D8D96297E81EB007221C7 /* Resources */,
			);
			buildRules = (
			);
			dependencies = (
			);
			name = Klim8;
			productName = Klim8;
			productReference = 5F0D8D98297E81EB007221C7 /* Klim8.app */;
			productType = "com.apple.product-type.application";
		};
/* End PBXNativeTarget section */

/* Begin PBXProject section */
		5F0D8D90297E81EB007221C7 /* Project object */ = {
			isa = PBXProject;
			attributes = {
				BuildIndependentTargetsInParallel = 1;
				LastSwiftUpdateCheck = 1340;
				LastUpgradeCheck = 1340;
				TargetAttributes = {
					5F0D8D97297E81EB007221C7 = {
						CreatedOnToolsVersion = 13.4.1;
					};
				};
			};
			buildConfigurationList = 5F0D8D93297E81EB007221C7 /* Build configuration list for PBXProject "Klim8" */;
			compatibilityVersion = "Xcode 13.0";
			developmentRegion = en;
			hasScannedForEncodings = 0;
			knownRegions = (
				en,
				Base,
			);
			mainGroup = 5F0D8D8F297E81EB007221C7;
			productRefGroup = 5F0D8D99297E81EB007221C7 /* Products */;
			projectDirPath = "";
			projectRoot = "";
			targets = (
				5F0D8D97297E81EB007221C7 /* Klim8 */,
			);
		};
/* End PBXProject section */

/* Begin PBXResourcesBuildPhase section */
		5F0D8D96297E81EB007221C7 /* Resources */ = {
			isa = PBXResourcesBuildPhase;
			buildActionMask = 2147483647;
			files = (
				5F0D8DB5297E82D8007221C7 /* light_background.pdf in Resources */,
				5F0D8DB3297E82CF007221C7 /* dark_background.pdf in Resources */,
				5F0D8DAB297E81EC007221C7 /* LaunchScreen.storyboard in Resources */,
				5F0D8DA8297E81EC007221C7 /* Assets.xcassets in Resources */,
				5F0D8DA3297E81EB007221C7 /* Main.storyboard in Resources */,
			);
			runOnlyForDeploymentPostprocessing = 0;
		};
/* End PBXResourcesBuildPhase section */

/* Begin PBXSourcesBuildPhase section */
		5F0D8D94297E81EB007221C7 /* Sources */ = {
			isa = PBXSourcesBuildPhase;
			buildActionMask = 2147483647;
			files = (
				5F0D8DA0297E81EB007221C7 /* ViewController.swift in Sources */,
				5F0D8D9C297E81EB007221C7 /* AppDelegate.swift in Sources */,
				5F6547602980A4180063C42E /* WeatherManager.swift in Sources */,
				5F65476729812EA10063C42E /* WeatherModel.swift in Sources */,
				5F0D8D9E297E81EB007221C7 /* SceneDelegate.swift in Sources */,
				5F654765298121250063C42E /* WeatherData.swift in Sources */,
				5F0D8DA6297E81EB007221C7 /* Klim8.xcdatamodeld in Sources */,
			);
			runOnlyForDeploymentPostprocessing = 0;
		};
/* End PBXSourcesBuildPhase section */

/* Begin PBXVariantGroup section */
		5F0D8DA1297E81EB007221C7 /* Main.storyboard */ = {
			isa = PBXVariantGroup;
			children = (
				5F0D8DA2297E81EB007221C7 /* Base */,
			);
			name = Main.storyboard;
			sourceTree = "<group>";
		};
		5F0D8DA9297E81EC007221C7 /* LaunchScreen.storyboard */ = {
			isa = PBXVariantGroup;
			children = (
				5F0D8DAA297E81EC007221C7 /* Base */,
			);
			name = LaunchScreen.storyboard;
			sourceTree = "<group>";
		};
/* End PBXVariantGroup section */

/* Begin XCBuildConfiguration section */
		5F0D8DAD297E81EC007221C7 /* Debug */ = {
			isa = XCBuildConfiguration;
			buildSettings = {
				ALWAYS_SEARCH_USER_PATHS = NO;
				CLANG_ANALYZER_NONNULL = YES;
				CLANG_ANALYZER_NUMBER_OBJECT_CONVERSION = YES_AGGRESSIVE;
				CLANG_CXX_LANGUAGE_STANDARD = "gnu++17";
				CLANG_ENABLE_MODULES = YES;
				CLANG_ENABLE_OBJC_ARC = YES;
				CLANG_ENABLE_OBJC_WEAK = YES;
				CLANG_WARN_BLOCK_CAPTURE_AUTORELEASING = YES;
				CLANG_WARN_BOOL_CONVERSION = YES;
				CLANG_WARN_COMMA = YES;
				CLANG_WARN_CONSTANT_CONVERSION = YES;
				CLANG_WARN_DEPRECATED_OBJC_IMPLEMENTATIONS = YES;
				CLANG_WARN_DIRECT_OBJC_ISA_USAGE = YES_ERROR;
				CLANG_WARN_DOCUMENTATION_COMMENTS = YES;
				CLANG_WARN_EMPTY_BODY = YES;
				CLANG_WARN_ENUM_CONVERSION = YES;
				CLANG_WARN_INFINITE_RECURSION = YES;
				CLANG_WARN_INT_CONVERSION = YES;
				CLANG_WARN_NON_LITERAL_NULL_CONVERSION = YES;
				CLANG_WARN_OBJC_IMPLICIT_RETAIN_SELF = YES;
				CLANG_WARN_OBJC_LITERAL_CONVERSION = YES;
				CLANG_WARN_OBJC_ROOT_CLASS = YES_ERROR;
				CLANG_WARN_QUOTED_INCLUDE_IN_FRAMEWORK_HEADER = YES;
				CLANG_WARN_RANGE_LOOP_ANALYSIS = YES;
				CLANG_WARN_STRICT_PROTOTYPES = YES;
				CLANG_WARN_SUSPICIOUS_MOVE = YES;
				CLANG_WARN_UNGUARDED_AVAILABILITY = YES_AGGRESSIVE;
				CLANG_WARN_UNREACHABLE_CODE = YES;
				CLANG_WARN__DUPLICATE_METHOD_MATCH = YES;
				COPY_PHASE_STRIP = NO;
				DEBUG_INFORMATION_FORMAT = dwarf;
				ENABLE_STRICT_OBJC_MSGSEND = YES;
				ENABLE_TESTABILITY = YES;
				GCC_C_LANGUAGE_STANDARD = gnu11;
				GCC_DYNAMIC_NO_PIC = NO;
				GCC_NO_COMMON_BLOCKS = YES;
				GCC_OPTIMIZATION_LEVEL = 0;
				GCC_PREPROCESSOR_DEFINITIONS = (
					"DEBUG=1",
					"$(inherited)",
				);
				GCC_WARN_64_TO_32_BIT_CONVERSION = YES;
				GCC_WARN_ABOUT_RETURN_TYPE = YES_ERROR;
				GCC_WARN_UNDECLARED_SELECTOR = YES;
				GCC_WARN_UNINITIALIZED_AUTOS = YES_AGGRESSIVE;
				GCC_WARN_UNUSED_FUNCTION = YES;
				GCC_WARN_UNUSED_VARIABLE = YES;
				IPHONEOS_DEPLOYMENT_TARGET = 15.5;
				MTL_ENABLE_DEBUG_INFO = INCLUDE_SOURCE;
				MTL_FAST_MATH = YES;
				ONLY_ACTIVE_ARCH = YES;
				SDKROOT = iphoneos;
				SWIFT_ACTIVE_COMPILATION_CONDITIONS = DEBUG;
				SWIFT_OPTIMIZATION_LEVEL = "-Onone";
			};
			name = Debug;
		};
		5F0D8DAE297E81EC007221C7 /* Release */ = {
			isa = XCBuildConfiguration;
			buildSettings = {
				ALWAYS_SEARCH_USER_PATHS = NO;
				CLANG_ANALYZER_NONNULL = YES;
				CLANG_ANALYZER_NUMBER_OBJECT_CONVERSION = YES_AGGRESSIVE;
				CLANG_CXX_LANGUAGE_STANDARD = "gnu++17";
				CLANG_ENABLE_MODULES = YES;
				CLANG_ENABLE_OBJC_ARC = YES;
				CLANG_ENABLE_OBJC_WEAK = YES;
				CLANG_WARN_BLOCK_CAPTURE_AUTORELEASING = YES;
				CLANG_WARN_BOOL_CONVERSION = YES;
				CLANG_WARN_COMMA = YES;
				CLANG_WARN_CONSTANT_CONVERSION = YES;
				CLANG_WARN_DEPRECATED_OBJC_IMPLEMENTATIONS = YES;
				CLANG_WARN_DIRECT_OBJC_ISA_USAGE = YES_ERROR;
				CLANG_WARN_DOCUMENTATION_COMMENTS = YES;
				CLANG_WARN_EMPTY_BODY = YES;
				CLANG_WARN_ENUM_CONVERSION = YES;
				CLANG_WARN_INFINITE_RECURSION = YES;
				CLANG_WARN_INT_CONVERSION = YES;
				CLANG_WARN_NON_LITERAL_NULL_CONVERSION = YES;
				CLANG_WARN_OBJC_IMPLICIT_RETAIN_SELF = YES;
				CLANG_WARN_OBJC_LITERAL_CONVERSION = YES;
				CLANG_WARN_OBJC_ROOT_CLASS = YES_ERROR;
				CLANG_WARN_QUOTED_INCLUDE_IN_FRAMEWORK_HEADER = YES;
				CLANG_WARN_RANGE_LOOP_ANALYSIS = YES;
				CLANG_WARN_STRICT_PROTOTYPES = YES;
				CLANG_WARN_SUSPICIOUS_MOVE = YES;
				CLANG_WARN_UNGUARDED_AVAILABILITY = YES_AGGRESSIVE;
				CLANG_WARN_UNREACHABLE_CODE = YES;
				CLANG_WARN__DUPLICATE_METHOD_MATCH = YES;
				COPY_PHASE_STRIP = NO;
				DEBUG_INFORMATION_FORMAT = "dwarf-with-dsym";
				ENABLE_NS_ASSERTIONS = NO;
				ENABLE_STRICT_OBJC_MSGSEND = YES;
				GCC_C_LANGUAGE_STANDARD = gnu11;
				GCC_NO_COMMON_BLOCKS = YES;
				GCC_WARN_64_TO_32_BIT_CONVERSION = YES;
				GCC_WARN_ABOUT_RETURN_TYPE = YES_ERROR;
				GCC_WARN_UNDECLARED_SELECTOR = YES;
				GCC_WARN_UNINITIALIZED_AUTOS = YES_AGGRESSIVE;
				GCC_WARN_UNUSED_FUNCTION = YES;
				GCC_WARN_UNUSED_VARIABLE = YES;
				IPHONEOS_DEPLOYMENT_TARGET = 15.5;
				MTL_ENABLE_DEBUG_INFO = NO;
				MTL_FAST_MATH = YES;
				SDKROOT = iphoneos;
				SWIFT_COMPILATION_MODE = wholemodule;
				SWIFT_OPTIMIZATION_LEVEL = "-O";
				VALIDATE_PRODUCT = YES;
			};
			name = Release;
		};
		5F0D8DB0297E81EC007221C7 /* Debug */ = {
			isa = XCBuildConfiguration;
			buildSettings = {
				ASSETCATALOG_COMPILER_APPICON_NAME = AppIcon;
				ASSETCATALOG_COMPILER_GLOBAL_ACCENT_COLOR_NAME = AccentColor;
				CODE_SIGN_STYLE = Automatic;
				CURRENT_PROJECT_VERSION = 1;
				DEVELOPMENT_TEAM = WB599M357T;
				GENERATE_INFOPLIST_FILE = YES;
				INFOPLIST_FILE = Klim8/Info.plist;
				INFOPLIST_KEY_UIApplicationSupportsIndirectInputEvents = YES;
				INFOPLIST_KEY_UILaunchStoryboardName = LaunchScreen;
				INFOPLIST_KEY_UIMainStoryboardFile = Main;
				INFOPLIST_KEY_UISupportedInterfaceOrientations_iPad = "UIInterfaceOrientationPortrait UIInterfaceOrientationPortraitUpsideDown UIInterfaceOrientationLandscapeLeft UIInterfaceOrientationLandscapeRight";
				INFOPLIST_KEY_UISupportedInterfaceOrientations_iPhone = "UIInterfaceOrientationPortrait UIInterfaceOrientationLandscapeLeft UIInterfaceOrientationLandscapeRight";
				LD_RUNPATH_SEARCH_PATHS = (
					"$(inherited)",
					"@executable_path/Frameworks",
				);
				MARKETING_VERSION = 1.0;
				PRODUCT_BUNDLE_IDENTIFIER = com.denverlopes.Klim8;
				PRODUCT_NAME = "$(TARGET_NAME)";
				SWIFT_EMIT_LOC_STRINGS = YES;
				SWIFT_VERSION = 5.0;
				TARGETED_DEVICE_FAMILY = "1,2";
			};
			name = Debug;
		};
		5F0D8DB1297E81EC007221C7 /* Release */ = {
			isa = XCBuildConfiguration;
			buildSettings = {
				ASSETCATALOG_COMPILER_APPICON_NAME = AppIcon;
				ASSETCATALOG_COMPILER_GLOBAL_ACCENT_COLOR_NAME = AccentColor;
				CODE_SIGN_STYLE = Automatic;
				CURRENT_PROJECT_VERSION = 1;
				DEVELOPMENT_TEAM = WB599M357T;
				GENERATE_INFOPLIST_FILE = YES;
				INFOPLIST_FILE = Klim8/Info.plist;
				INFOPLIST_KEY_UIApplicationSupportsIndirectInputEvents = YES;
				INFOPLIST_KEY_UILaunchStoryboardName = LaunchScreen;
				INFOPLIST_KEY_UIMainStoryboardFile = Main;
				INFOPLIST_KEY_UISupportedInterfaceOrientations_iPad = "UIInterfaceOrientationPortrait UIInterfaceOrientationPortraitUpsideDown UIInterfaceOrientationLandscapeLeft UIInterfaceOrientationLandscapeRight";
				INFOPLIST_KEY_UISupportedInterfaceOrientations_iPhone = "UIInterfaceOrientationPortrait UIInterfaceOrientationLandscapeLeft UIInterfaceOrientationLandscapeRight";
				LD_RUNPATH_SEARCH_PATHS = (
					"$(inherited)",
					"@executable_path/Frameworks",
				);
				MARKETING_VERSION = 1.0;
				PRODUCT_BUNDLE_IDENTIFIER = com.denverlopes.Klim8;
				PRODUCT_NAME = "$(TARGET_NAME)";
				SWIFT_EMIT_LOC_STRINGS = YES;
				SWIFT_VERSION = 5.0;
				TARGETED_DEVICE_FAMILY = "1,2";
			};
			name = Release;
		};
/* End XCBuildConfiguration section */

/* Begin XCConfigurationList section */
		5F0D8D93297E81EB007221C7 /* Build configuration list for PBXProject "Klim8" */ = {
			isa = XCConfigurationList;
			buildConfigurations = (
				5F0D8DAD297E81EC007221C7 /* Debug */,
				5F0D8DAE297E81EC007221C7 /* Release */,
			);
			defaultConfigurationIsVisible = 0;
			defaultConfigurationName = Release;
		};
		5F0D8DAF297E81EC007221C7 /* Build configuration list for PBXNativeTarget "Klim8" */ = {
			isa = XCConfigurationList;
			buildConfigurations = (
				5F0D8DB0297E81EC007221C7 /* Debug */,
				5F0D8DB1297E81EC007221C7 /* Release */,
			);
			defaultConfigurationIsVisible = 0;
			defaultConfigurationName = Release;
		};
/* End XCConfigurationList section */

/* Begin XCVersionGroup section */
		5F0D8DA4297E81EB007221C7 /* Klim8.xcdatamodeld */ = {
			isa = XCVersionGroup;
			children = (
				5F0D8DA5297E81EB007221C7 /* Klim8.xcdatamodel */,
			);
			currentVersion = 5F0D8DA5297E81EB007221C7 /* Klim8.xcdatamodel */;
			path = Klim8.xcdatamodeld;
			sourceTree = "<group>";
			versionGroupType = wrapper.xcdatamodel;
		};
/* End XCVersionGroup section */
	};
	rootObject = 5F0D8D90297E81EB007221C7 /* Project object */;
}
